
Microsoft Visual Studio Solution File, Format Version 12.00
# Visual Studio Version 17
VisualStudioVersion = 17.0.31903.59
MinimumVisualStudioVersion = 10.0.40219.1
Project("{FAE04EC0-301F-11D3-BF4B-00C04F79EFBC}") = "IdentityService", "IdentityService\IdentityService.csproj", "{00739E96-8F1B-4D1A-AEBC-087C7C2932D9}"
EndProject
Project("{FAE04EC0-301F-11D3-BF4B-00C04F79EFBC}") = "PostService", "PostService\PostService.csproj", "{30202A54-8D42-494C-BAE3-DC408CCAFF89}"
EndProject
Project("{FAE04EC0-301F-11D3-BF4B-00C04F79EFBC}") = "ApiGateway", "ApiGateway\ApiGateway.csproj", "{96240BD3-097E-4686-AFF5-285897E39AB3}"
EndProject
Global
	GlobalSection(SolutionConfigurationPlatforms) = preSolution
		Debug|Any CPU = Debug|Any CPU
		Debug|x64 = Debug|x64
		Debug|x86 = Debug|x86
		Release|Any CPU = Release|Any CPU
		Release|x64 = Release|x64
		Release|x86 = Release|x86
	EndGlobalSection
	GlobalSection(ProjectConfigurationPlatforms) = postSolution
		{00739E96-8F1B-4D1A-AEBC-087C7C2932D9}.Debug|Any CPU.ActiveCfg = Debug|Any CPU
		{00739E96-8F1B-4D1A-AEBC-087C7C2932D9}.Debug|Any CPU.Build.0 = Debug|Any CPU
		{00739E96-8F1B-4D1A-AEBC-087C7C2932D9}.Debug|x64.ActiveCfg = Debug|Any CPU
		{00739E96-8F1B-4D1A-AEBC-087C7C2932D9}.Debug|x64.Build.0 = Debug|Any CPU
		{00739E96-8F1B-4D1A-AEBC-087C7C2932D9}.Debug|x86.ActiveCfg = Debug|Any CPU
		{00739E96-8F1B-4D1A-AEBC-087C7C2932D9}.Debug|x86.Build.0 = Debug|Any CPU
		{00739E96-8F1B-4D1A-AEBC-087C7C2932D9}.Release|Any CPU.ActiveCfg = Release|Any CPU
		{00739E96-8F1B-4D1A-AEBC-087C7C2932D9}.Release|Any CPU.Build.0 = Release|Any CPU
		{00739E96-8F1B-4D1A-AEBC-087C7C2932D9}.Release|x64.ActiveCfg = Release|Any CPU
		{00739E96-8F1B-4D1A-AEBC-087C7C2932D9}.Release|x64.Build.0 = Release|Any CPU
		{00739E96-8F1B-4D1A-AEBC-087C7C2932D9}.Release|x86.ActiveCfg = Release|Any CPU
		{00739E96-8F1B-4D1A-AEBC-087C7C2932D9}.Release|x86.Build.0 = Release|Any CPU
		{30202A54-8D42-494C-BAE3-DC408CCAFF89}.Debug|Any CPU.ActiveCfg = Debug|Any CPU
		{30202A54-8D42-494C-BAE3-DC408CCAFF89}.Debug|Any CPU.Build.0 = Debug|Any CPU
		{30202A54-8D42-494C-BAE3-DC408CCAFF89}.Debug|x64.ActiveCfg = Debug|Any CPU
		{30202A54-8D42-494C-BAE3-DC408CCAFF89}.Debug|x64.Build.0 = Debug|Any CPU
		{30202A54-8D42-494C-BAE3-DC408CCAFF89}.Debug|x86.ActiveCfg = Debug|Any CPU
		{30202A54-8D42-494C-BAE3-DC408CCAFF89}.Debug|x86.Build.0 = Debug|Any CPU
		{30202A54-8D42-494C-BAE3-DC408CCAFF89}.Release|Any CPU.ActiveCfg = Release|Any CPU
		{30202A54-8D42-494C-BAE3-DC408CCAFF89}.Release|Any CPU.Build.0 = Release|Any CPU
		{30202A54-8D42-494C-BAE3-DC408CCAFF89}.Release|x64.ActiveCfg = Release|Any CPU
		{30202A54-8D42-494C-BAE3-DC408CCAFF89}.Release|x64.Build.0 = Release|Any CPU
		{30202A54-8D42-494C-BAE3-DC408CCAFF89}.Release|x86.ActiveCfg = Release|Any CPU
		{30202A54-8D42-494C-BAE3-DC408CCAFF89}.Release|x86.Build.0 = Release|Any CPU
		{96240BD3-097E-4686-AFF5-285897E39AB3}.Debug|Any CPU.ActiveCfg = Debug|Any CPU
		{96240BD3-097E-4686-AFF5-285897E39AB3}.Debug|Any CPU.Build.0 = Debug|Any CPU
		{96240BD3-097E-4686-AFF5-285897E39AB3}.Debug|x64.ActiveCfg = Debug|Any CPU
		{96240BD3-097E-4686-AFF5-285897E39AB3}.Debug|x64.Build.0 = Debug|Any CPU
		{96240BD3-097E-4686-AFF5-285897E39AB3}.Debug|x86.ActiveCfg = Debug|Any CPU
		{96240BD3-097E-4686-AFF5-285897E39AB3}.Debug|x86.Build.0 = Debug|Any CPU
		{96240BD3-097E-4686-AFF5-285897E39AB3}.Release|Any CPU.ActiveCfg = Release|Any CPU
		{96240BD3-097E-4686-AFF5-285897E39AB3}.Release|Any CPU.Build.0 = Release|Any CPU
		{96240BD3-097E-4686-AFF5-285897E39AB3}.Release|x64.ActiveCfg = Release|Any CPU
		{96240BD3-097E-4686-AFF5-285897E39AB3}.Release|x64.Build.0 = Release|Any CPU
		{96240BD3-097E-4686-AFF5-285897E39AB3}.Release|x86.ActiveCfg = Release|Any CPU
		{96240BD3-097E-4686-AFF5-285897E39AB3}.Release|x86.Build.0 = Release|Any CPU
	EndGlobalSection
	GlobalSection(SolutionProperties) = preSolution
		HideSolutionNode = FALSE
	EndGlobalSection
EndGlobal
